
Microsoft Visual Studio Solution File, Format Version 12.00
# Visual Studio Version 16
VisualStudioVersion = 16.0.31605.320
MinimumVisualStudioVersion = 10.0.40219.1
Project("{FAE04EC0-301F-11D3-BF4B-00C04F79EFBC}") = "EmailControlForClient.API", "EmailControlForClient.API\EmailControlForClient.API.csproj", "{A20DA245-5D44-490B-A4F0-EA538E5B5825}"
EndProject
Project("{FAE04EC0-301F-11D3-BF4B-00C04F79EFBC}") = "EmailControlForClient.Infrastructure.Abstractions", "EmailControlForClient.Infrastructure.Abstractions\EmailControlForClient.Infrastructure.Abstractions.csproj", "{663A2134-80A3-4D98-871B-60869E0F07EE}"
EndProject
Global
	GlobalSection(SolutionConfigurationPlatforms) = preSolution
		Debug|Any CPU = Debug|Any CPU
		Release|Any CPU = Release|Any CPU
	EndGlobalSection
	GlobalSection(ProjectConfigurationPlatforms) = postSolution
		{A20DA245-5D44-490B-A4F0-EA538E5B5825}.Debug|Any CPU.ActiveCfg = Debug|Any CPU
		{A20DA245-5D44-490B-A4F0-EA538E5B5825}.Debug|Any CPU.Build.0 = Debug|Any CPU
		{A20DA245-5D44-490B-A4F0-EA538E5B5825}.Release|Any CPU.ActiveCfg = Release|Any CPU
		{A20DA245-5D44-490B-A4F0-EA538E5B5825}.Release|Any CPU.Build.0 = Release|Any CPU
		{663A2134-80A3-4D98-871B-60869E0F07EE}.Debug|Any CPU.ActiveCfg = Debug|Any CPU
		{663A2134-80A3-4D98-871B-60869E0F07EE}.Debug|Any CPU.Build.0 = Debug|Any CPU
		{663A2134-80A3-4D98-871B-60869E0F07EE}.Release|Any CPU.ActiveCfg = Release|Any CPU
		{663A2134-80A3-4D98-871B-60869E0F07EE}.Release|Any CPU.Build.0 = Release|Any CPU
	EndGlobalSection
	GlobalSection(SolutionProperties) = preSolution
		HideSolutionNode = FALSE
	EndGlobalSection
	GlobalSection(ExtensibilityGlobals) = postSolution
		SolutionGuid = {CD6AA373-1EC1-404E-AAB7-F984B56E6DD6}
	EndGlobalSection
EndGlobal
